// !$*UTF8*$!
{
	archiveVersion = 1;
	classes = {
	};
	objectVersion = 46;
	objects = {

/* Begin PBXBuildFile section */
		D653EF5C1C45919D00E608FC /* AppDelegate.swift in Sources */ = {isa = PBXBuildFile; fileRef = D653EF5B1C45919D00E608FC /* AppDelegate.swift */; };
		D653EF5E1C45919D00E608FC /* ViewController.swift in Sources */ = {isa = PBXBuildFile; fileRef = D653EF5D1C45919D00E608FC /* ViewController.swift */; };
		D653EF601C45919D00E608FC /* Assets.xcassets in Resources */ = {isa = PBXBuildFile; fileRef = D653EF5F1C45919D00E608FC /* Assets.xcassets */; };
		D653EF631C45919D00E608FC /* Main.storyboard in Resources */ = {isa = PBXBuildFile; fileRef = D653EF611C45919D00E608FC /* Main.storyboard */; };
/* End PBXBuildFile section */

/* Begin PBXFileReference section */
		D653EF581C45919D00E608FC /* OSXNavigation.app */ = {isa = PBXFileReference; explicitFileType = wrapper.application; includeInIndex = 0; path = OSXNavigation.app; sourceTree = BUILT_PRODUCTS_DIR; };
		D653EF5B1C45919D00E608FC /* AppDelegate.swift */ = {isa = PBXFileReference; lastKnownFileType = sourcecode.swift; path = AppDelegate.swift; sourceTree = "<group>"; };
		D653EF5D1C45919D00E608FC /* ViewController.swift */ = {isa = PBXFileReference; lastKnownFileType = sourcecode.swift; path = ViewController.swift; sourceTree = "<group>"; };
		D653EF5F1C45919D00E608FC /* Assets.xcassets */ = {isa = PBXFileReference; lastKnownFileType = folder.assetcatalog; path = Assets.xcassets; sourceTree = "<group>"; };
		D653EF621C45919D00E608FC /* Base */ = {isa = PBXFileReference; lastKnownFileType = file.storyboard; name = Base; path = Base.lproj/Main.storyboard; sourceTree = "<group>"; };
		D653EF641C45919D00E608FC /* Info.plist */ = {isa = PBXFileReference; lastKnownFileType = text.plist.xml; path = Info.plist; sourceTree = "<group>"; };
/* End PBXFileReference section */

/* Begin PBXFrameworksBuildPhase section */
		D653EF551C45919D00E608FC /* Frameworks */ = {
			isa = PBXFrameworksBuildPhase;
			buildActionMask = 2147483647;
			files = (
			);
			runOnlyForDeploymentPostprocessing = 0;
		};
/* End PBXFrameworksBuildPhase section */

/* Begin PBXGroup section */
		D653EF4F1C45919D00E608FC = {
			isa = PBXGroup;
			children = (
				D653EF5A1C45919D00E608FC /* OSXNavigation */,
				D653EF591C45919D00E608FC /* Products */,
			);
			sourceTree = "<group>";
		};
		D653EF591C45919D00E608FC /* Products */ = {
			isa = PBXGroup;
			children = (
				D653EF581C45919D00E608FC /* OSXNavigation.app */,
			);
			name = Products;
			sourceTree = "<group>";
		};
		D653EF5A1C45919D00E608FC /* OSXNavigation */ = {
			isa = PBXGroup;
			children = (
				D653EF5B1C45919D00E608FC /* AppDelegate.swift */,
				D653EF5D1C45919D00E608FC /* ViewController.swift */,
				D653EF5F1C45919D00E608FC /* Assets.xcassets */,
				D653EF611C45919D00E608FC /* Main.storyboard */,
				D653EF641C45919D00E608FC /* Info.plist */,
			);
			path = OSXNavigation;
			sourceTree = "<group>";
		};
/* End PBXGroup section */

/* Begin PBXNativeTarget section */
		D653EF571C45919D00E608FC /* OSXNavigation */ = {
			isa = PBXNativeTarget;
			buildConfigurationList = D653EF671C45919D00E608FC /* Build configuration list for PBXNativeTarget "OSXNavigation" */;
			buildPhases = (
				D653EF541C45919D00E608FC /* Sources */,
				D653EF551C45919D00E608FC /* Frameworks */,
				D653EF561C45919D00E608FC /* Resources */,
			);
			buildRules = (
			);
			dependencies = (
			);
			name = OSXNavigation;
			productName = OSXNavigation;
			productReference = D653EF581C45919D00E608FC /* OSXNavigation.app */;
			productType = "com.apple.product-type.application";
		};
/* End PBXNativeTarget section */

/* Begin PBXProject section */
		D653EF501C45919D00E608FC /* Project object */ = {
			isa = PBXProject;
			attributes = {
				LastSwiftUpdateCheck = 0720;
				LastUpgradeCheck = 0720;
				ORGANIZATIONNAME = "Marcin Jackowski";
				TargetAttributes = {
					D653EF571C45919D00E608FC = {
						CreatedOnToolsVersion = 7.2;
					};
				};
			};
			buildConfigurationList = D653EF531C45919D00E608FC /* Build configuration list for PBXProject "OSXNavigation" */;
			compatibilityVersion = "Xcode 3.2";
			developmentRegion = English;
			hasScannedForEncodings = 0;
			knownRegions = (
				en,
				Base,
			);
			mainGroup = D653EF4F1C45919D00E608FC;
			productRefGroup = D653EF591C45919D00E608FC /* Products */;
			projectDirPath = "";
			projectRoot = "";
			targets = (
				D653EF571C45919D00E608FC /* OSXNavigation */,
			);
		};
/* End PBXProject section */

/* Begin PBXResourcesBuildPhase section */
		D653EF561C45919D00E608FC /* Resources */ = {
			isa = PBXResourcesBuildPhase;
			buildActionMask = 2147483647;
			files = (
				D653EF601C45919D00E608FC /* Assets.xcassets in Resources */,
				D653EF631C45919D00E608FC /* Main.storyboard in Resources */,
			);
			runOnlyForDeploymentPostprocessing = 0;
		};
/* End PBXResourcesBuildPhase section */

/* Begin PBXSourcesBuildPhase section */
		D653EF541C45919D00E608FC /* Sources */ = {
			isa = PBXSourcesBuildPhase;
			buildActionMask = 2147483647;
			files = (
				D653EF5E1C45919D00E608FC /* ViewController.swift in Sources */,
				D653EF5C1C45919D00E608FC /* AppDelegate.swift in Sources */,
			);
			runOnlyForDeploymentPostprocessing = 0;
		};
/* End PBXSourcesBuildPhase section */

/* Begin PBXVariantGroup section */
		D653EF611C45919D00E608FC /* Main.storyboard */ = {
			isa = PBXVariantGroup;
			children = (
				D653EF621C45919D00E608FC /* Base */,
			);
			name = Main.storyboard;
			sourceTree = "<group>";
		};
/* End PBXVariantGroup section */

/* Begin XCBuildConfiguration section */
		D653EF651C45919D00E608FC /* Debug */ = {
			isa = XCBuildConfiguration;
			buildSettings = {
				ALWAYS_SEARCH_USER_PATHS = NO;
				CLANG_CXX_LANGUAGE_STANDARD = "gnu++0x";
				CLANG_CXX_LIBRARY = "libc++";
				CLANG_ENABLE_MODULES = YES;
				CLANG_ENABLE_OBJC_ARC = YES;
				CLANG_WARN_BOOL_CONVERSION = YES;
				CLANG_WARN_CONSTANT_CONVERSION = YES;
				CLANG_WARN_DIRECT_OBJC_ISA_USAGE = YES_ERROR;
				CLANG_WARN_EMPTY_BODY = YES;
				CLANG_WARN_ENUM_CONVERSION = YES;
				CLANG_WARN_INT_CONVERSION = YES;
				CLANG_WARN_OBJC_ROOT_CLASS = YES_ERROR;
				CLANG_WARN_UNREACHABLE_CODE = YES;
				CLANG_WARN__DUPLICATE_METHOD_MATCH = YES;
				CODE_SIGN_IDENTITY = "-";
				COPY_PHASE_STRIP = NO;
				DEBUG_INFORMATION_FORMAT = dwarf;
				ENABLE_STRICT_OBJC_MSGSEND = YES;
				ENABLE_TESTABILITY = YES;
				GCC_C_LANGUAGE_STANDARD = gnu99;
				GCC_DYNAMIC_NO_PIC = NO;
				GCC_NO_COMMON_BLOCKS = YES;
				GCC_OPTIMIZATION_LEVEL = 0;
				GCC_PREPROCESSOR_DEFINITIONS = (
					"DEBUG=1",
					"$(inherited)",
				);
				GCC_WARN_64_TO_32_BIT_CONVERSION = YES;
				GCC_WARN_ABOUT_RETURN_TYPE = YES_ERROR;
				GCC_WARN_UNDECLARED_SELECTOR = YES;
				GCC_WARN_UNINITIALIZED_AUTOS = YES_AGGRESSIVE;
				GCC_WARN_UNUSED_FUNCTION = YES;
				GCC_WARN_UNUSED_VARIABLE = YES;
				MACOSX_DEPLOYMENT_TARGET = 10.11;
				MTL_ENABLE_DEBUG_INFO = YES;
				ONLY_ACTIVE_ARCH = YES;
				SDKROOT = macosx;
				SWIFT_OPTIMIZATION_LEVEL = "-Onone";
			};
			name = Debug;
		};
		D653EF661C45919D00E608FC /* Release */ = {
			isa = XCBuildConfiguration;
			buildSettings = {
				ALWAYS_SEARCH_USER_PATHS = NO;
				CLANG_CXX_LANGUAGE_STANDARD = "gnu++0x";
				CLANG_CXX_LIBRARY = "libc++";
				CLANG_ENABLE_MODULES = YES;
				CLANG_ENABLE_OBJC_ARC = YES;
				CLANG_WARN_BOOL_CONVERSION = YES;
				CLANG_WARN_CONSTANT_CONVERSION = YES;
				CLANG_WARN_DIRECT_OBJC_ISA_USAGE = YES_ERROR;
				CLANG_WARN_EMPTY_BODY = YES;
				CLANG_WARN_ENUM_CONVERSION = YES;
				CLANG_WARN_INT_CONVERSION = YES;
				CLANG_WARN_OBJC_ROOT_CLASS = YES_ERROR;
				CLANG_WARN_UNREACHABLE_CODE = YES;
				CLANG_WARN__DUPLICATE_METHOD_MATCH = YES;
				CODE_SIGN_IDENTITY = "-";
				COPY_PHASE_STRIP = NO;
				DEBUG_INFORMATION_FORMAT = "dwarf-with-dsym";
				ENABLE_NS_ASSERTIONS = NO;
				ENABLE_STRICT_OBJC_MSGSEND = YES;
				GCC_C_LANGUAGE_STANDARD = gnu99;
				GCC_NO_COMMON_BLOCKS = YES;
				GCC_WARN_64_TO_32_BIT_CONVERSION = YES;
				GCC_WARN_ABOUT_RETURN_TYPE = YES_ERROR;
				GCC_WARN_UNDECLARED_SELECTOR = YES;
				GCC_WARN_UNINITIALIZED_AUTOS = YES_AGGRESSIVE;
				GCC_WARN_UNUSED_FUNCTION = YES;
				GCC_WARN_UNUSED_VARIABLE = YES;
				MACOSX_DEPLOYMENT_TARGET = 10.11;
				MTL_ENABLE_DEBUG_INFO = NO;
				SDKROOT = macosx;
			};
			name = Release;
		};
		D653EF681C45919D00E608FC /* Debug */ = {
			isa = XCBuildConfiguration;
			buildSettings = {
				ASSETCATALOG_COMPILER_APPICON_NAME = AppIcon;
				COMBINE_HIDPI_IMAGES = YES;
				INFOPLIST_FILE = OSXNavigation/Info.plist;
				LD_RUNPATH_SEARCH_PATHS = "$(inherited) @executable_path/../Frameworks";
				PRODUCT_BUNDLE_IDENTIFIER = marcinjackowski.OSXNavigation;
				PRODUCT_NAME = "$(TARGET_NAME)";
			};
			name = Debug;
		};
		D653EF691C45919D00E608FC /* Release */ = {
			isa = XCBuildConfiguration;
			buildSettings = {
				ASSETCATALOG_COMPILER_APPICON_NAME = AppIcon;
				COMBINE_HIDPI_IMAGES = YES;
				INFOPLIST_FILE = OSXNavigation/Info.plist;
				LD_RUNPATH_SEARCH_PATHS = "$(inherited) @executable_path/../Frameworks";
				PRODUCT_BUNDLE_IDENTIFIER = marcinjackowski.OSXNavigation;
				PRODUCT_NAME = "$(TARGET_NAME)";
			};
			name = Release;
		};
/* End XCBuildConfiguration section */

/* Begin XCConfigurationList section */
		D653EF531C45919D00E608FC /* Build configuration list for PBXProject "OSXNavigation" */ = {
			isa = XCConfigurationList;
			buildConfigurations = (
				D653EF651C45919D00E608FC /* Debug */,
				D653EF661C45919D00E608FC /* Release */,
			);
			defaultConfigurationIsVisible = 0;
			defaultConfigurationName = Release;
		};
		D653EF671C45919D00E608FC /* Build configuration list for PBXNativeTarget "OSXNavigation" */ = {
			isa = XCConfigurationList;
			buildConfigurations = (
				D653EF681C45919D00E608FC /* Debug */,
				D653EF691C45919D00E608FC /* Release */,
			);
			defaultConfigurationIsVisible = 0;
		};
/* End XCConfigurationList section */
	};
	rootObject = D653EF501C45919D00E608FC /* Project object */;
}
